
Microsoft Visual Studio Solution File, Format Version 12.00
# Visual Studio Version 17
VisualStudioVersion = 17.12.35707.178
MinimumVisualStudioVersion = 10.0.40219.1
Project("{2150E333-8FDC-42A3-9474-1A3956D46DE8}") = "Task0", "Task0", "{15F9D6C0-4FA0-451B-98EE-879C10AA34BF}"
EndProject
Project("{FAE04EC0-301F-11D3-BF4B-00C04F79EFBC}") = "Tyuiu.FendelNS.Sprint3.Task0.V23", "Tyuiu.FendelNS.Sprint3.Task0.V23\Tyuiu.FendelNS.Sprint3.Task0.V23.csproj", "{FFDB78AC-5AB6-4865-9728-6AD352456EFA}"
EndProject
Project("{FAE04EC0-301F-11D3-BF4B-00C04F79EFBC}") = "Tyuiu.FendelNS.Sprint3.Task0.V23.Test", "Tyuiu.FendelNS.Sprint3.Task0.V23.Test\Tyuiu.FendelNS.Sprint3.Task0.V23.Test.csproj", "{08CB8187-805A-45B5-9D99-9613488AEE86}"
EndProject
Project("{FAE04EC0-301F-11D3-BF4B-00C04F79EFBC}") = "Tyuiu.FendelNS.Sprint3.Task0.V23.Lib", "Tyuiu.FendelNS.Sprint3.Task0.V23.Lib\Tyuiu.FendelNS.Sprint3.Task0.V23.Lib.csproj", "{B5C4B7C5-72CB-4C25-891F-3EAD821E100E}"
EndProject
Project("{2150E333-8FDC-42A3-9474-1A3956D46DE8}") = "Task1", "Task1", "{E9571DD6-5363-4BBC-9D09-351AEB89427E}"
EndProject
Project("{FAE04EC0-301F-11D3-BF4B-00C04F79EFBC}") = "Tyuiu.FendelNS.Sprint3.Task1.V4", "Tyuiu.FendelNS.Sprint3.Task1.V4\Tyuiu.FendelNS.Sprint3.Task1.V4.csproj", "{C919E59C-F3A7-4EC1-A746-215C7C4E8F4D}"
EndProject
Project("{FAE04EC0-301F-11D3-BF4B-00C04F79EFBC}") = "Tyuiu.FendelNS.Sprint3.Task1.V4.Lib", "Tyuiu.FendelNS.Sprint3.Task1.V4.Lib\Tyuiu.FendelNS.Sprint3.Task1.V4.Lib.csproj", "{A555924A-58AF-4AC9-BFBD-C7EB1F2727FE}"
EndProject
Project("{FAE04EC0-301F-11D3-BF4B-00C04F79EFBC}") = "Tyuiu.FendelNS.Sprint3.Task1.V4.Test", "Tyuiu.FendelNS.Sprint3.Task1.V4.Test\Tyuiu.FendelNS.Sprint3.Task1.V4.Test.csproj", "{16F66B86-5428-4889-93A8-2EA260969030}"
EndProject
Project("{2150E333-8FDC-42A3-9474-1A3956D46DE8}") = "Task2", "Task2", "{170C5EC6-2B7E-4568-834B-FD47F53F2334}"
EndProject
Project("{FAE04EC0-301F-11D3-BF4B-00C04F79EFBC}") = "Tyuiu.FendelNS.Sprint3.Task2.V4", "Tyuiu.FendelNS.Sprint3.Task2.V4\Tyuiu.FendelNS.Sprint3.Task2.V4.csproj", "{205D588F-E237-451D-A261-78E28DFD1573}"
EndProject
Project("{FAE04EC0-301F-11D3-BF4B-00C04F79EFBC}") = "Tyuiu.FendelNS.Sprint3.Task2.V4.Lib", "Tyuiu.FendelNS.Sprint3.Task2.V4.Lib\Tyuiu.FendelNS.Sprint3.Task2.V4.Lib.csproj", "{FD884794-7C16-495A-83F5-F564AB74F580}"
EndProject
Project("{FAE04EC0-301F-11D3-BF4B-00C04F79EFBC}") = "Tyuiu.FendelNS.Sprint3.Task2.V4.Test", "Tyuiu.FendelNS.Sprint3.Task2.V4.Test\Tyuiu.FendelNS.Sprint3.Task2.V4.Test.csproj", "{E9A8F197-6BF6-4631-8518-B65554540136}"
EndProject
Global
	GlobalSection(SolutionConfigurationPlatforms) = preSolution
		Debug|Any CPU = Debug|Any CPU
		Release|Any CPU = Release|Any CPU
	EndGlobalSection
	GlobalSection(ProjectConfigurationPlatforms) = postSolution
		{FFDB78AC-5AB6-4865-9728-6AD352456EFA}.Debug|Any CPU.ActiveCfg = Debug|Any CPU
		{FFDB78AC-5AB6-4865-9728-6AD352456EFA}.Debug|Any CPU.Build.0 = Debug|Any CPU
		{FFDB78AC-5AB6-4865-9728-6AD352456EFA}.Release|Any CPU.ActiveCfg = Release|Any CPU
		{FFDB78AC-5AB6-4865-9728-6AD352456EFA}.Release|Any CPU.Build.0 = Release|Any CPU
		{08CB8187-805A-45B5-9D99-9613488AEE86}.Debug|Any CPU.ActiveCfg = Debug|Any CPU
		{08CB8187-805A-45B5-9D99-9613488AEE86}.Debug|Any CPU.Build.0 = Debug|Any CPU
		{08CB8187-805A-45B5-9D99-9613488AEE86}.Release|Any CPU.ActiveCfg = Release|Any CPU
		{08CB8187-805A-45B5-9D99-9613488AEE86}.Release|Any CPU.Build.0 = Release|Any CPU
		{B5C4B7C5-72CB-4C25-891F-3EAD821E100E}.Debug|Any CPU.ActiveCfg = Debug|Any CPU
		{B5C4B7C5-72CB-4C25-891F-3EAD821E100E}.Debug|Any CPU.Build.0 = Debug|Any CPU
		{B5C4B7C5-72CB-4C25-891F-3EAD821E100E}.Release|Any CPU.ActiveCfg = Release|Any CPU
		{B5C4B7C5-72CB-4C25-891F-3EAD821E100E}.Release|Any CPU.Build.0 = Release|Any CPU
		{C919E59C-F3A7-4EC1-A746-215C7C4E8F4D}.Debug|Any CPU.ActiveCfg = Debug|Any CPU
		{C919E59C-F3A7-4EC1-A746-215C7C4E8F4D}.Debug|Any CPU.Build.0 = Debug|Any CPU
		{C919E59C-F3A7-4EC1-A746-215C7C4E8F4D}.Release|Any CPU.ActiveCfg = Release|Any CPU
		{C919E59C-F3A7-4EC1-A746-215C7C4E8F4D}.Release|Any CPU.Build.0 = Release|Any CPU
		{A555924A-58AF-4AC9-BFBD-C7EB1F2727FE}.Debug|Any CPU.ActiveCfg = Debug|Any CPU
		{A555924A-58AF-4AC9-BFBD-C7EB1F2727FE}.Debug|Any CPU.Build.0 = Debug|Any CPU
		{A555924A-58AF-4AC9-BFBD-C7EB1F2727FE}.Release|Any CPU.ActiveCfg = Release|Any CPU
		{A555924A-58AF-4AC9-BFBD-C7EB1F2727FE}.Release|Any CPU.Build.0 = Release|Any CPU
		{16F66B86-5428-4889-93A8-2EA260969030}.Debug|Any CPU.ActiveCfg = Debug|Any CPU
		{16F66B86-5428-4889-93A8-2EA260969030}.Debug|Any CPU.Build.0 = Debug|Any CPU
		{16F66B86-5428-4889-93A8-2EA260969030}.Release|Any CPU.ActiveCfg = Release|Any CPU
		{16F66B86-5428-4889-93A8-2EA260969030}.Release|Any CPU.Build.0 = Release|Any CPU
		{205D588F-E237-451D-A261-78E28DFD1573}.Debug|Any CPU.ActiveCfg = Debug|Any CPU
		{205D588F-E237-451D-A261-78E28DFD1573}.Debug|Any CPU.Build.0 = Debug|Any CPU
		{205D588F-E237-451D-A261-78E28DFD1573}.Release|Any CPU.ActiveCfg = Release|Any CPU
		{205D588F-E237-451D-A261-78E28DFD1573}.Release|Any CPU.Build.0 = Release|Any CPU
		{FD884794-7C16-495A-83F5-F564AB74F580}.Debug|Any CPU.ActiveCfg = Debug|Any CPU
		{FD884794-7C16-495A-83F5-F564AB74F580}.Debug|Any CPU.Build.0 = Debug|Any CPU
		{FD884794-7C16-495A-83F5-F564AB74F580}.Release|Any CPU.ActiveCfg = Release|Any CPU
		{FD884794-7C16-495A-83F5-F564AB74F580}.Release|Any CPU.Build.0 = Release|Any CPU
		{E9A8F197-6BF6-4631-8518-B65554540136}.Debug|Any CPU.ActiveCfg = Debug|Any CPU
		{E9A8F197-6BF6-4631-8518-B65554540136}.Debug|Any CPU.Build.0 = Debug|Any CPU
		{E9A8F197-6BF6-4631-8518-B65554540136}.Release|Any CPU.ActiveCfg = Release|Any CPU
		{E9A8F197-6BF6-4631-8518-B65554540136}.Release|Any CPU.Build.0 = Release|Any CPU
	EndGlobalSection
	GlobalSection(SolutionProperties) = preSolution
		HideSolutionNode = FALSE
	EndGlobalSection
	GlobalSection(NestedProjects) = preSolution
		{FFDB78AC-5AB6-4865-9728-6AD352456EFA} = {15F9D6C0-4FA0-451B-98EE-879C10AA34BF}
		{08CB8187-805A-45B5-9D99-9613488AEE86} = {15F9D6C0-4FA0-451B-98EE-879C10AA34BF}
		{B5C4B7C5-72CB-4C25-891F-3EAD821E100E} = {15F9D6C0-4FA0-451B-98EE-879C10AA34BF}
		{C919E59C-F3A7-4EC1-A746-215C7C4E8F4D} = {E9571DD6-5363-4BBC-9D09-351AEB89427E}
		{A555924A-58AF-4AC9-BFBD-C7EB1F2727FE} = {E9571DD6-5363-4BBC-9D09-351AEB89427E}
		{16F66B86-5428-4889-93A8-2EA260969030} = {E9571DD6-5363-4BBC-9D09-351AEB89427E}
		{205D588F-E237-451D-A261-78E28DFD1573} = {170C5EC6-2B7E-4568-834B-FD47F53F2334}
		{FD884794-7C16-495A-83F5-F564AB74F580} = {170C5EC6-2B7E-4568-834B-FD47F53F2334}
		{E9A8F197-6BF6-4631-8518-B65554540136} = {170C5EC6-2B7E-4568-834B-FD47F53F2334}
	EndGlobalSection
EndGlobal
